
Microsoft Visual Studio Solution File, Format Version 12.00
# Visual Studio Version 16
VisualStudioVersion = 16.0.30717.126
MinimumVisualStudioVersion = 10.0.40219.1
Project("{FAE04EC0-301F-11D3-BF4B-00C04F79EFBC}") = "Insta_karisik_islemler", "Insta_karisik_islemler\Insta_karisik_islemler.csproj", "{7A9A1B5F-0B5E-4B23-97C1-B59236931431}"
EndProject
Global
	GlobalSection(SolutionConfigurationPlatforms) = preSolution
		Debug|Any CPU = Debug|Any CPU
		Release|Any CPU = Release|Any CPU
	EndGlobalSection
	GlobalSection(ProjectConfigurationPlatforms) = postSolution
		{7A9A1B5F-0B5E-4B23-97C1-B59236931431}.Debug|Any CPU.ActiveCfg = Debug|Any CPU
		{7A9A1B5F-0B5E-4B23-97C1-B59236931431}.Debug|Any CPU.Build.0 = Debug|Any CPU
		{7A9A1B5F-0B5E-4B23-97C1-B59236931431}.Release|Any CPU.ActiveCfg = Release|Any CPU
		{7A9A1B5F-0B5E-4B23-97C1-B59236931431}.Release|Any CPU.Build.0 = Release|Any CPU
	EndGlobalSection
	GlobalSection(SolutionProperties) = preSolution
		HideSolutionNode = FALSE
	EndGlobalSection
	GlobalSection(ExtensibilityGlobals) = postSolution
		SolutionGuid = {5FB0C8E9-6328-4855-9EBB-53BF74A6F0C7}
	EndGlobalSection
EndGlobal
